
Microsoft Visual Studio Solution File, Format Version 12.00
# Visual Studio 15
VisualStudioVersion = 15.0.28307.168
MinimumVisualStudioVersion = 10.0.40219.1
Project("{8BC9CEB8-8B4A-11D0-8D11-00A0C91BC942}") = "SyntaxTesting", "SyntaxTesting\SyntaxTesting.vcxproj", "{AB7A33C9-4A76-45F2-BAAA-2653F9A2B762}"
EndProject
Global
	GlobalSection(SolutionConfigurationPlatforms) = preSolution
		Debug|x64 = Debug|x64
		Debug|x86 = Debug|x86
		Release|x64 = Release|x64
		Release|x86 = Release|x86
	EndGlobalSection
	GlobalSection(ProjectConfigurationPlatforms) = postSolution
		{AB7A33C9-4A76-45F2-BAAA-2653F9A2B762}.Debug|x64.ActiveCfg = Debug|x64
		{AB7A33C9-4A76-45F2-BAAA-2653F9A2B762}.Debug|x64.Build.0 = Debug|x64
		{AB7A33C9-4A76-45F2-BAAA-2653F9A2B762}.Debug|x86.ActiveCfg = Debug|Win32
		{AB7A33C9-4A76-45F2-BAAA-2653F9A2B762}.Debug|x86.Build.0 = Debug|Win32
		{AB7A33C9-4A76-45F2-BAAA-2653F9A2B762}.Release|x64.ActiveCfg = Release|x64
		{AB7A33C9-4A76-45F2-BAAA-2653F9A2B762}.Release|x64.Build.0 = Release|x64
		{AB7A33C9-4A76-45F2-BAAA-2653F9A2B762}.Release|x86.ActiveCfg = Release|Win32
		{AB7A33C9-4A76-45F2-BAAA-2653F9A2B762}.Release|x86.Build.0 = Release|Win32
	EndGlobalSection
	GlobalSection(SolutionProperties) = preSolution
		HideSolutionNode = FALSE
	EndGlobalSection
	GlobalSection(ExtensibilityGlobals) = postSolution
		SolutionGuid = {2EAA39E4-0448-47C9-85A2-20BF9B96422C}
	EndGlobalSection
EndGlobal
